
Microsoft Visual Studio Solution File, Format Version 12.00
# Visual Studio 15
VisualStudioVersion = 15.0.28307.705
MinimumVisualStudioVersion = 10.0.40219.1
Project("{2150E333-8FDC-42A3-9474-1A3956D46DE8}") = "Adapters", "Adapters", "{BB2A25FB-896C-48F1-90BA-433548B366C5}"
EndProject
Project("{2150E333-8FDC-42A3-9474-1A3956D46DE8}") = "Wcf", "Wcf", "{F26CBBA5-69F3-4933-A427-571627E1ED85}"
EndProject
Project("{2150E333-8FDC-42A3-9474-1A3956D46DE8}") = "WebApi", "WebApi", "{387DD2B3-B452-43C9-9ABD-9B39388A4871}"
EndProject
Project("{FAE04EC0-301F-11D3-BF4B-00C04F79EFBC}") = "ERP.StockService", "Wcf\ERP.StockService\ERP.StockService.csproj", "{D3F6C0C0-75C0-4761-9E6C-86AFE8CC41B0}"
EndProject
Project("{FAE04EC0-301F-11D3-BF4B-00C04F79EFBC}") = "ERP.WebApi", "WebApi\ERP.WebApi\ERP.WebApi.csproj", "{D9B1F266-9797-4B56-80C3-F77351AF847D}"
	ProjectSection(ProjectDependencies) = postProject
		{D3F6C0C0-75C0-4761-9E6C-86AFE8CC41B0} = {D3F6C0C0-75C0-4761-9E6C-86AFE8CC41B0}
	EndProjectSection
EndProject
Project("{FAE04EC0-301F-11D3-BF4B-00C04F79EFBC}") = "ERP.JobRunner", "Adapters\ERP.JobRunner\ERP.JobRunner.csproj", "{2F7D975B-A59A-47B7-8062-3B0AF08EE5E7}"
	ProjectSection(ProjectDependencies) = postProject
		{D3F6C0C0-75C0-4761-9E6C-86AFE8CC41B0} = {D3F6C0C0-75C0-4761-9E6C-86AFE8CC41B0}
	EndProjectSection
EndProject
Global
	GlobalSection(SolutionConfigurationPlatforms) = preSolution
		Debug|Any CPU = Debug|Any CPU
		Release|Any CPU = Release|Any CPU
	EndGlobalSection
	GlobalSection(ProjectConfigurationPlatforms) = postSolution
		{D3F6C0C0-75C0-4761-9E6C-86AFE8CC41B0}.Debug|Any CPU.ActiveCfg = Debug|Any CPU
		{D3F6C0C0-75C0-4761-9E6C-86AFE8CC41B0}.Debug|Any CPU.Build.0 = Debug|Any CPU
		{D3F6C0C0-75C0-4761-9E6C-86AFE8CC41B0}.Release|Any CPU.ActiveCfg = Release|Any CPU
		{D3F6C0C0-75C0-4761-9E6C-86AFE8CC41B0}.Release|Any CPU.Build.0 = Release|Any CPU
		{D9B1F266-9797-4B56-80C3-F77351AF847D}.Debug|Any CPU.ActiveCfg = Debug|Any CPU
		{D9B1F266-9797-4B56-80C3-F77351AF847D}.Debug|Any CPU.Build.0 = Debug|Any CPU
		{D9B1F266-9797-4B56-80C3-F77351AF847D}.Release|Any CPU.ActiveCfg = Release|Any CPU
		{D9B1F266-9797-4B56-80C3-F77351AF847D}.Release|Any CPU.Build.0 = Release|Any CPU
		{2F7D975B-A59A-47B7-8062-3B0AF08EE5E7}.Debug|Any CPU.ActiveCfg = Debug|Any CPU
		{2F7D975B-A59A-47B7-8062-3B0AF08EE5E7}.Debug|Any CPU.Build.0 = Debug|Any CPU
		{2F7D975B-A59A-47B7-8062-3B0AF08EE5E7}.Release|Any CPU.ActiveCfg = Release|Any CPU
		{2F7D975B-A59A-47B7-8062-3B0AF08EE5E7}.Release|Any CPU.Build.0 = Release|Any CPU
	EndGlobalSection
	GlobalSection(SolutionProperties) = preSolution
		HideSolutionNode = FALSE
	EndGlobalSection
	GlobalSection(NestedProjects) = preSolution
		{D3F6C0C0-75C0-4761-9E6C-86AFE8CC41B0} = {F26CBBA5-69F3-4933-A427-571627E1ED85}
		{D9B1F266-9797-4B56-80C3-F77351AF847D} = {387DD2B3-B452-43C9-9ABD-9B39388A4871}
		{2F7D975B-A59A-47B7-8062-3B0AF08EE5E7} = {BB2A25FB-896C-48F1-90BA-433548B366C5}
	EndGlobalSection
	GlobalSection(ExtensibilityGlobals) = postSolution
		SolutionGuid = {DC90921B-B304-4CFA-A235-9224A63FA519}
	EndGlobalSection
EndGlobal
