
Microsoft Visual Studio Solution File, Format Version 12.00
# Visual Studio 15
VisualStudioVersion = 15.0.28307.705
MinimumVisualStudioVersion = 10.0.40219.1
Project("{2150E333-8FDC-42A3-9474-1A3956D46DE8}") = "WebApi", "WebApi", "{E40FA5ED-506C-402A-A3EC-DA532FDC9A0F}"
EndProject
Project("{FAE04EC0-301F-11D3-BF4B-00C04F79EFBC}") = "ERP.WebApi", "WebApi\ERP.WebApi\ERP.WebApi.csproj", "{DFED7E8B-CAE2-4810-89D8-B35FBE2B0961}"
EndProject
Project("{2150E333-8FDC-42A3-9474-1A3956D46DE8}") = "WindowsService", "WindowsService", "{2FA25974-ED79-4FAF-9E84-80EBE46A1093}"
EndProject
Project("{FAE04EC0-301F-11D3-BF4B-00C04F79EFBC}") = "ERP.StockWindowsService", "WindowsService\ERP.StockWindowsService\ERP.StockWindowsService.csproj", "{3228D1FB-1B88-4F7C-8AAF-A3EA75AC801D}"
EndProject
Project("{FAE04EC0-301F-11D3-BF4B-00C04F79EFBC}") = "ERP.GetOutcomeWebApi", "WebApi\ERP.GetOutcomeWebApi\ERP.GetOutcomeWebApi.csproj", "{E2FB1F4F-CAB8-42E1-AAE6-E0A0373CCD86}"
EndProject
Project("{FAE04EC0-301F-11D3-BF4B-00C04F79EFBC}") = "ERP.RegionStockWindowsService", "WindowsService\ERP.RegionStockWindowsService\ERP.RegionStockWindowsService.csproj", "{E0FA1352-597C-4D7C-8FE4-48A16B6A02E8}"
EndProject
Global
	GlobalSection(SolutionConfigurationPlatforms) = preSolution
		Debug|Any CPU = Debug|Any CPU
		Release|Any CPU = Release|Any CPU
	EndGlobalSection
	GlobalSection(ProjectConfigurationPlatforms) = postSolution
		{DFED7E8B-CAE2-4810-89D8-B35FBE2B0961}.Debug|Any CPU.ActiveCfg = Debug|Any CPU
		{DFED7E8B-CAE2-4810-89D8-B35FBE2B0961}.Debug|Any CPU.Build.0 = Debug|Any CPU
		{DFED7E8B-CAE2-4810-89D8-B35FBE2B0961}.Release|Any CPU.ActiveCfg = Release|Any CPU
		{DFED7E8B-CAE2-4810-89D8-B35FBE2B0961}.Release|Any CPU.Build.0 = Release|Any CPU
		{3228D1FB-1B88-4F7C-8AAF-A3EA75AC801D}.Debug|Any CPU.ActiveCfg = Debug|Any CPU
		{3228D1FB-1B88-4F7C-8AAF-A3EA75AC801D}.Debug|Any CPU.Build.0 = Debug|Any CPU
		{3228D1FB-1B88-4F7C-8AAF-A3EA75AC801D}.Release|Any CPU.ActiveCfg = Release|Any CPU
		{3228D1FB-1B88-4F7C-8AAF-A3EA75AC801D}.Release|Any CPU.Build.0 = Release|Any CPU
		{E2FB1F4F-CAB8-42E1-AAE6-E0A0373CCD86}.Debug|Any CPU.ActiveCfg = Debug|Any CPU
		{E2FB1F4F-CAB8-42E1-AAE6-E0A0373CCD86}.Debug|Any CPU.Build.0 = Debug|Any CPU
		{E2FB1F4F-CAB8-42E1-AAE6-E0A0373CCD86}.Release|Any CPU.ActiveCfg = Release|Any CPU
		{E2FB1F4F-CAB8-42E1-AAE6-E0A0373CCD86}.Release|Any CPU.Build.0 = Release|Any CPU
		{E0FA1352-597C-4D7C-8FE4-48A16B6A02E8}.Debug|Any CPU.ActiveCfg = Debug|Any CPU
		{E0FA1352-597C-4D7C-8FE4-48A16B6A02E8}.Debug|Any CPU.Build.0 = Debug|Any CPU
		{E0FA1352-597C-4D7C-8FE4-48A16B6A02E8}.Release|Any CPU.ActiveCfg = Release|Any CPU
		{E0FA1352-597C-4D7C-8FE4-48A16B6A02E8}.Release|Any CPU.Build.0 = Release|Any CPU
	EndGlobalSection
	GlobalSection(SolutionProperties) = preSolution
		HideSolutionNode = FALSE
	EndGlobalSection
	GlobalSection(NestedProjects) = preSolution
		{DFED7E8B-CAE2-4810-89D8-B35FBE2B0961} = {E40FA5ED-506C-402A-A3EC-DA532FDC9A0F}
		{3228D1FB-1B88-4F7C-8AAF-A3EA75AC801D} = {2FA25974-ED79-4FAF-9E84-80EBE46A1093}
		{E2FB1F4F-CAB8-42E1-AAE6-E0A0373CCD86} = {E40FA5ED-506C-402A-A3EC-DA532FDC9A0F}
		{E0FA1352-597C-4D7C-8FE4-48A16B6A02E8} = {2FA25974-ED79-4FAF-9E84-80EBE46A1093}
	EndGlobalSection
	GlobalSection(ExtensibilityGlobals) = postSolution
		SolutionGuid = {DC90921B-B304-4CFA-A235-9224A63FA519}
	EndGlobalSection
EndGlobal
