
Microsoft Visual Studio Solution File, Format Version 12.00
# Visual Studio Version 16
VisualStudioVersion = 16.0.29409.12
MinimumVisualStudioVersion = 10.0.40219.1
Project("{2150E333-8FDC-42A3-9474-1A3956D46DE8}") = "Adapters", "Adapters", "{BB2A25FB-896C-48F1-90BA-433548B366C5}"
EndProject
Project("{2150E333-8FDC-42A3-9474-1A3956D46DE8}") = "Wcf", "Wcf", "{F26CBBA5-69F3-4933-A427-571627E1ED85}"
EndProject
Project("{FAE04EC0-301F-11D3-BF4B-00C04F79EFBC}") = "ERP.StockService", "Wcf\ERP.StockService\ERP.StockService.csproj", "{D3F6C0C0-75C0-4761-9E6C-86AFE8CC41B0}"
EndProject
Project("{FAE04EC0-301F-11D3-BF4B-00C04F79EFBC}") = "ERP.JobRunner", "Adapters\ERP.JobRunner\ERP.JobRunner.csproj", "{2F7D975B-A59A-47B7-8062-3B0AF08EE5E7}"
	ProjectSection(ProjectDependencies) = postProject
		{D3F6C0C0-75C0-4761-9E6C-86AFE8CC41B0} = {D3F6C0C0-75C0-4761-9E6C-86AFE8CC41B0}
	EndProjectSection
EndProject
Project("{2150E333-8FDC-42A3-9474-1A3956D46DE8}") = "WebApi", "WebApi", "{E40FA5ED-506C-402A-A3EC-DA532FDC9A0F}"
EndProject
Project("{FAE04EC0-301F-11D3-BF4B-00C04F79EFBC}") = "ERP.WebApi", "WebApi\ERP.WebApi\ERP.WebApi.csproj", "{DFED7E8B-CAE2-4810-89D8-B35FBE2B0961}"
EndProject
Project("{FAE04EC0-301F-11D3-BF4B-00C04F79EFBC}") = "ERP.OutcomeService", "Wcf\ERP.OutcomeService\ERP.OutcomeService.csproj", "{B77E63B1-A440-45EE-B65F-8250BE0B7403}"
EndProject
Project("{FAE04EC0-301F-11D3-BF4B-00C04F79EFBC}") = "ERP.OutcomeJobRunner", "Adapters\ERP.OutcomeJobRunner\ERP.OutcomeJobRunner.csproj", "{EDF8726B-715C-46B1-ABAE-AE2846730188}"
	ProjectSection(ProjectDependencies) = postProject
		{B77E63B1-A440-45EE-B65F-8250BE0B7403} = {B77E63B1-A440-45EE-B65F-8250BE0B7403}
	EndProjectSection
EndProject
Project("{FAE04EC0-301F-11D3-BF4B-00C04F79EFBC}") = "ERP.OutcomeWebApi", "WebApi\ERP.OutcomeWebApi\ERP.OutcomeWebApi.csproj", "{77FA1482-1A36-466D-B0C8-0C0C35CDBF90}"
EndProject
Project("{2150E333-8FDC-42A3-9474-1A3956D46DE8}") = "WindowsService", "WindowsService", "{2FA25974-ED79-4FAF-9E84-80EBE46A1093}"
EndProject
Project("{FAE04EC0-301F-11D3-BF4B-00C04F79EFBC}") = "ERP.StockWindowsService", "WindowsService\ERP.StockWindowsService\ERP.StockWindowsService.csproj", "{3228D1FB-1B88-4F7C-8AAF-A3EA75AC801D}"
EndProject
Global
	GlobalSection(SolutionConfigurationPlatforms) = preSolution
		Debug|Any CPU = Debug|Any CPU
		Release|Any CPU = Release|Any CPU
	EndGlobalSection
	GlobalSection(ProjectConfigurationPlatforms) = postSolution
		{D3F6C0C0-75C0-4761-9E6C-86AFE8CC41B0}.Debug|Any CPU.ActiveCfg = Debug|Any CPU
		{D3F6C0C0-75C0-4761-9E6C-86AFE8CC41B0}.Debug|Any CPU.Build.0 = Debug|Any CPU
		{D3F6C0C0-75C0-4761-9E6C-86AFE8CC41B0}.Release|Any CPU.ActiveCfg = Release|Any CPU
		{D3F6C0C0-75C0-4761-9E6C-86AFE8CC41B0}.Release|Any CPU.Build.0 = Release|Any CPU
		{2F7D975B-A59A-47B7-8062-3B0AF08EE5E7}.Debug|Any CPU.ActiveCfg = Debug|Any CPU
		{2F7D975B-A59A-47B7-8062-3B0AF08EE5E7}.Debug|Any CPU.Build.0 = Debug|Any CPU
		{2F7D975B-A59A-47B7-8062-3B0AF08EE5E7}.Release|Any CPU.ActiveCfg = Release|Any CPU
		{2F7D975B-A59A-47B7-8062-3B0AF08EE5E7}.Release|Any CPU.Build.0 = Release|Any CPU
		{DFED7E8B-CAE2-4810-89D8-B35FBE2B0961}.Debug|Any CPU.ActiveCfg = Debug|Any CPU
		{DFED7E8B-CAE2-4810-89D8-B35FBE2B0961}.Debug|Any CPU.Build.0 = Debug|Any CPU
		{DFED7E8B-CAE2-4810-89D8-B35FBE2B0961}.Release|Any CPU.ActiveCfg = Release|Any CPU
		{DFED7E8B-CAE2-4810-89D8-B35FBE2B0961}.Release|Any CPU.Build.0 = Release|Any CPU
		{B77E63B1-A440-45EE-B65F-8250BE0B7403}.Debug|Any CPU.ActiveCfg = Debug|Any CPU
		{B77E63B1-A440-45EE-B65F-8250BE0B7403}.Debug|Any CPU.Build.0 = Debug|Any CPU
		{B77E63B1-A440-45EE-B65F-8250BE0B7403}.Release|Any CPU.ActiveCfg = Release|Any CPU
		{B77E63B1-A440-45EE-B65F-8250BE0B7403}.Release|Any CPU.Build.0 = Release|Any CPU
		{EDF8726B-715C-46B1-ABAE-AE2846730188}.Debug|Any CPU.ActiveCfg = Debug|Any CPU
		{EDF8726B-715C-46B1-ABAE-AE2846730188}.Debug|Any CPU.Build.0 = Debug|Any CPU
		{EDF8726B-715C-46B1-ABAE-AE2846730188}.Release|Any CPU.ActiveCfg = Release|Any CPU
		{EDF8726B-715C-46B1-ABAE-AE2846730188}.Release|Any CPU.Build.0 = Release|Any CPU
		{77FA1482-1A36-466D-B0C8-0C0C35CDBF90}.Debug|Any CPU.ActiveCfg = Debug|Any CPU
		{77FA1482-1A36-466D-B0C8-0C0C35CDBF90}.Debug|Any CPU.Build.0 = Debug|Any CPU
		{77FA1482-1A36-466D-B0C8-0C0C35CDBF90}.Release|Any CPU.ActiveCfg = Release|Any CPU
		{77FA1482-1A36-466D-B0C8-0C0C35CDBF90}.Release|Any CPU.Build.0 = Release|Any CPU
		{3228D1FB-1B88-4F7C-8AAF-A3EA75AC801D}.Debug|Any CPU.ActiveCfg = Debug|Any CPU
		{3228D1FB-1B88-4F7C-8AAF-A3EA75AC801D}.Debug|Any CPU.Build.0 = Debug|Any CPU
		{3228D1FB-1B88-4F7C-8AAF-A3EA75AC801D}.Release|Any CPU.ActiveCfg = Release|Any CPU
		{3228D1FB-1B88-4F7C-8AAF-A3EA75AC801D}.Release|Any CPU.Build.0 = Release|Any CPU
	EndGlobalSection
	GlobalSection(SolutionProperties) = preSolution
		HideSolutionNode = FALSE
	EndGlobalSection
	GlobalSection(NestedProjects) = preSolution
		{D3F6C0C0-75C0-4761-9E6C-86AFE8CC41B0} = {F26CBBA5-69F3-4933-A427-571627E1ED85}
		{2F7D975B-A59A-47B7-8062-3B0AF08EE5E7} = {BB2A25FB-896C-48F1-90BA-433548B366C5}
		{DFED7E8B-CAE2-4810-89D8-B35FBE2B0961} = {E40FA5ED-506C-402A-A3EC-DA532FDC9A0F}
		{B77E63B1-A440-45EE-B65F-8250BE0B7403} = {F26CBBA5-69F3-4933-A427-571627E1ED85}
		{EDF8726B-715C-46B1-ABAE-AE2846730188} = {BB2A25FB-896C-48F1-90BA-433548B366C5}
		{77FA1482-1A36-466D-B0C8-0C0C35CDBF90} = {E40FA5ED-506C-402A-A3EC-DA532FDC9A0F}
		{3228D1FB-1B88-4F7C-8AAF-A3EA75AC801D} = {2FA25974-ED79-4FAF-9E84-80EBE46A1093}
	EndGlobalSection
	GlobalSection(ExtensibilityGlobals) = postSolution
		SolutionGuid = {DC90921B-B304-4CFA-A235-9224A63FA519}
	EndGlobalSection
EndGlobal
